// !$*UTF8*$!
{
	archiveVersion = 1;
	classes = {
	};
	objectVersion = 46;
	objects = {

/* Begin PBXBuildFile section */
		26CC7F011EB7C7A4006B9C44 /* Exmpl.m in Sources */ = {isa = PBXBuildFile; fileRef = 26CC7F001EB7C7A4006B9C44 /* Exmpl.m */; };
		26F092921EB7C12300BD0817 /* main.m in Sources */ = {isa = PBXBuildFile; fileRef = 26F092911EB7C12300BD0817 /* main.m */; };
		26F092951EB7C12300BD0817 /* AppDelegate.m in Sources */ = {isa = PBXBuildFile; fileRef = 26F092941EB7C12300BD0817 /* AppDelegate.m */; };
		26F092981EB7C12300BD0817 /* ViewController.m in Sources */ = {isa = PBXBuildFile; fileRef = 26F092971EB7C12300BD0817 /* ViewController.m */; };
		26F0929B1EB7C12300BD0817 /* Main.storyboard in Resources */ = {isa = PBXBuildFile; fileRef = 26F092991EB7C12300BD0817 /* Main.storyboard */; };
		26F0929D1EB7C12300BD0817 /* Assets.xcassets in Resources */ = {isa = PBXBuildFile; fileRef = 26F0929C1EB7C12300BD0817 /* Assets.xcassets */; };
		26F092A01EB7C12300BD0817 /* LaunchScreen.storyboard in Resources */ = {isa = PBXBuildFile; fileRef = 26F0929E1EB7C12300BD0817 /* LaunchScreen.storyboard */; };
		26F092AC1EB7C28E00BD0817 /* Example.m in Sources */ = {isa = PBXBuildFile; fileRef = 26F092AB1EB7C28E00BD0817 /* Example.m */; };
		F9B4AD5FF36B42D5AC279330 /* libPods-Lesson1.a in Frameworks */ = {isa = PBXBuildFile; fileRef = 0F4A005A4968397C71DE17C5 /* libPods-Lesson1.a */; };
/* End PBXBuildFile section */

/* Begin PBXFileReference section */
		0F4A005A4968397C71DE17C5 /* libPods-Lesson1.a */ = {isa = PBXFileReference; explicitFileType = archive.ar; includeInIndex = 0; path = "libPods-Lesson1.a"; sourceTree = BUILT_PRODUCTS_DIR; };
		1AFCD93E0731BFC1439F1D48 /* Pods-Lesson1.debug.xcconfig */ = {isa = PBXFileReference; includeInIndex = 1; lastKnownFileType = text.xcconfig; name = "Pods-Lesson1.debug.xcconfig"; path = "Pods/Target Support Files/Pods-Lesson1/Pods-Lesson1.debug.xcconfig"; sourceTree = "<group>"; };
		26CC7EFF1EB7C7A4006B9C44 /* Exmpl.h */ = {isa = PBXFileReference; fileEncoding = 4; lastKnownFileType = sourcecode.c.h; path = Exmpl.h; sourceTree = "<group>"; };
		26CC7F001EB7C7A4006B9C44 /* Exmpl.m */ = {isa = PBXFileReference; fileEncoding = 4; lastKnownFileType = sourcecode.c.objc; path = Exmpl.m; sourceTree = "<group>"; };
		26F0928D1EB7C12300BD0817 /* Lesson1.app */ = {isa = PBXFileReference; explicitFileType = wrapper.application; includeInIndex = 0; path = Lesson1.app; sourceTree = BUILT_PRODUCTS_DIR; };
		26F092911EB7C12300BD0817 /* main.m */ = {isa = PBXFileReference; lastKnownFileType = sourcecode.c.objc; path = main.m; sourceTree = "<group>"; };
		26F092931EB7C12300BD0817 /* AppDelegate.h */ = {isa = PBXFileReference; lastKnownFileType = sourcecode.c.h; path = AppDelegate.h; sourceTree = "<group>"; };
		26F092941EB7C12300BD0817 /* AppDelegate.m */ = {isa = PBXFileReference; lastKnownFileType = sourcecode.c.objc; path = AppDelegate.m; sourceTree = "<group>"; };
		26F092961EB7C12300BD0817 /* ViewController.h */ = {isa = PBXFileReference; lastKnownFileType = sourcecode.c.h; path = ViewController.h; sourceTree = "<group>"; };
		26F092971EB7C12300BD0817 /* ViewController.m */ = {isa = PBXFileReference; lastKnownFileType = sourcecode.c.objc; path = ViewController.m; sourceTree = "<group>"; };
		26F0929A1EB7C12300BD0817 /* Base */ = {isa = PBXFileReference; lastKnownFileType = file.storyboard; name = Base; path = Base.lproj/Main.storyboard; sourceTree = "<group>"; };
		26F0929C1EB7C12300BD0817 /* Assets.xcassets */ = {isa = PBXFileReference; lastKnownFileType = folder.assetcatalog; path = Assets.xcassets; sourceTree = "<group>"; };
		26F0929F1EB7C12300BD0817 /* Base */ = {isa = PBXFileReference; lastKnownFileType = file.storyboard; name = Base; path = Base.lproj/LaunchScreen.storyboard; sourceTree = "<group>"; };
		26F092A11EB7C12300BD0817 /* Info.plist */ = {isa = PBXFileReference; lastKnownFileType = text.plist.xml; path = Info.plist; sourceTree = "<group>"; };
		26F092AA1EB7C28E00BD0817 /* Example.h */ = {isa = PBXFileReference; fileEncoding = 4; lastKnownFileType = sourcecode.c.h; path = Example.h; sourceTree = "<group>"; };
		26F092AB1EB7C28E00BD0817 /* Example.m */ = {isa = PBXFileReference; fileEncoding = 4; lastKnownFileType = sourcecode.c.objc; path = Example.m; sourceTree = "<group>"; };
		D0B6D04A459BF99319CE0987 /* Pods-Lesson1.release.xcconfig */ = {isa = PBXFileReference; includeInIndex = 1; lastKnownFileType = text.xcconfig; name = "Pods-Lesson1.release.xcconfig"; path = "Pods/Target Support Files/Pods-Lesson1/Pods-Lesson1.release.xcconfig"; sourceTree = "<group>"; };
/* End PBXFileReference section */

/* Begin PBXFrameworksBuildPhase section */
		26F0928A1EB7C12300BD0817 /* Frameworks */ = {
			isa = PBXFrameworksBuildPhase;
			buildActionMask = 2147483647;
			files = (
				F9B4AD5FF36B42D5AC279330 /* libPods-Lesson1.a in Frameworks */,
			);
			runOnlyForDeploymentPostprocessing = 0;
		};
/* End PBXFrameworksBuildPhase section */

/* Begin PBXGroup section */
		26F092841EB7C12300BD0817 = {
			isa = PBXGroup;
			children = (
				26F0928F1EB7C12300BD0817 /* Lesson1 */,
				26F0928E1EB7C12300BD0817 /* Products */,
				F8914C1F7FE8E2495EE65E20 /* Pods */,
				A72C99AF04627816A2708A44 /* Frameworks */,
			);
			sourceTree = "<group>";
		};
		26F0928E1EB7C12300BD0817 /* Products */ = {
			isa = PBXGroup;
			children = (
				26F0928D1EB7C12300BD0817 /* Lesson1.app */,
			);
			name = Products;
			sourceTree = "<group>";
		};
		26F0928F1EB7C12300BD0817 /* Lesson1 */ = {
			isa = PBXGroup;
			children = (
				26F092931EB7C12300BD0817 /* AppDelegate.h */,
				26F092941EB7C12300BD0817 /* AppDelegate.m */,
				26F092961EB7C12300BD0817 /* ViewController.h */,
				26F092971EB7C12300BD0817 /* ViewController.m */,
				26F092991EB7C12300BD0817 /* Main.storyboard */,
				26F0929C1EB7C12300BD0817 /* Assets.xcassets */,
				26F0929E1EB7C12300BD0817 /* LaunchScreen.storyboard */,
				26F092A11EB7C12300BD0817 /* Info.plist */,
				26F092901EB7C12300BD0817 /* Supporting Files */,
				26F092AA1EB7C28E00BD0817 /* Example.h */,
				26F092AB1EB7C28E00BD0817 /* Example.m */,
				26CC7EFF1EB7C7A4006B9C44 /* Exmpl.h */,
				26CC7F001EB7C7A4006B9C44 /* Exmpl.m */,
			);
			path = Lesson1;
			sourceTree = "<group>";
		};
		26F092901EB7C12300BD0817 /* Supporting Files */ = {
			isa = PBXGroup;
			children = (
				26F092911EB7C12300BD0817 /* main.m */,
			);
			name = "Supporting Files";
			sourceTree = "<group>";
		};
		A72C99AF04627816A2708A44 /* Frameworks */ = {
			isa = PBXGroup;
			children = (
				0F4A005A4968397C71DE17C5 /* libPods-Lesson1.a */,
			);
			name = Frameworks;
			sourceTree = "<group>";
		};
		F8914C1F7FE8E2495EE65E20 /* Pods */ = {
			isa = PBXGroup;
			children = (
				1AFCD93E0731BFC1439F1D48 /* Pods-Lesson1.debug.xcconfig */,
				D0B6D04A459BF99319CE0987 /* Pods-Lesson1.release.xcconfig */,
			);
			name = Pods;
			sourceTree = "<group>";
		};
/* End PBXGroup section */

/* Begin PBXNativeTarget section */
		26F0928C1EB7C12300BD0817 /* Lesson1 */ = {
			isa = PBXNativeTarget;
			buildConfigurationList = 26F092A41EB7C12300BD0817 /* Build configuration list for PBXNativeTarget "Lesson1" */;
			buildPhases = (
				90359916F34E9A490DE5247D /* [CP] Check Pods Manifest.lock */,
				26F092891EB7C12300BD0817 /* Sources */,
				26F0928A1EB7C12300BD0817 /* Frameworks */,
				26F0928B1EB7C12300BD0817 /* Resources */,
				9DA128284D19B09BAAA64F89 /* [CP] Embed Pods Frameworks */,
				0213855CFCC9C881B77E2B24 /* [CP] Copy Pods Resources */,
			);
			buildRules = (
			);
			dependencies = (
			);
			name = Lesson1;
			productName = Lesson1;
			productReference = 26F0928D1EB7C12300BD0817 /* Lesson1.app */;
			productType = "com.apple.product-type.application";
		};
/* End PBXNativeTarget section */

/* Begin PBXProject section */
		26F092851EB7C12300BD0817 /* Project object */ = {
			isa = PBXProject;
			attributes = {
				LastUpgradeCheck = 0830;
				ORGANIZATIONNAME = "Ivan Chumak";
				TargetAttributes = {
					26F0928C1EB7C12300BD0817 = {
						CreatedOnToolsVersion = 8.3.2;
						ProvisioningStyle = Automatic;
					};
				};
			};
			buildConfigurationList = 26F092881EB7C12300BD0817 /* Build configuration list for PBXProject "Lesson1" */;
			compatibilityVersion = "Xcode 3.2";
			developmentRegion = English;
			hasScannedForEncodings = 0;
			knownRegions = (
				en,
				Base,
			);
			mainGroup = 26F092841EB7C12300BD0817;
			productRefGroup = 26F0928E1EB7C12300BD0817 /* Products */;
			projectDirPath = "";
			projectRoot = "";
			targets = (
				26F0928C1EB7C12300BD0817 /* Lesson1 */,
			);
		};
/* End PBXProject section */

/* Begin PBXResourcesBuildPhase section */
		26F0928B1EB7C12300BD0817 /* Resources */ = {
			isa = PBXResourcesBuildPhase;
			buildActionMask = 2147483647;
			files = (
				26F092A01EB7C12300BD0817 /* LaunchScreen.storyboard in Resources */,
				26F0929D1EB7C12300BD0817 /* Assets.xcassets in Resources */,
				26F0929B1EB7C12300BD0817 /* Main.storyboard in Resources */,
			);
			runOnlyForDeploymentPostprocessing = 0;
		};
/* End PBXResourcesBuildPhase section */

/* Begin PBXShellScriptBuildPhase section */
		0213855CFCC9C881B77E2B24 /* [CP] Copy Pods Resources */ = {
			isa = PBXShellScriptBuildPhase;
			buildActionMask = 2147483647;
			files = (
			);
			inputPaths = (
			);
			name = "[CP] Copy Pods Resources";
			outputPaths = (
			);
			runOnlyForDeploymentPostprocessing = 0;
			shellPath = /bin/sh;
			shellScript = "\"${SRCROOT}/Pods/Target Support Files/Pods-Lesson1/Pods-Lesson1-resources.sh\"\n";
			showEnvVarsInLog = 0;
		};
		90359916F34E9A490DE5247D /* [CP] Check Pods Manifest.lock */ = {
			isa = PBXShellScriptBuildPhase;
			buildActionMask = 2147483647;
			files = (
			);
			inputPaths = (
			);
			name = "[CP] Check Pods Manifest.lock";
			outputPaths = (
			);
			runOnlyForDeploymentPostprocessing = 0;
			shellPath = /bin/sh;
			shellScript = "diff \"${PODS_PODFILE_DIR_PATH}/Podfile.lock\" \"${PODS_ROOT}/Manifest.lock\" > /dev/null\nif [ $? != 0 ] ; then\n    # print error to STDERR\n    echo \"error: The sandbox is not in sync with the Podfile.lock. Run 'pod install' or update your CocoaPods installation.\" >&2\n    exit 1\nfi\n";
			showEnvVarsInLog = 0;
		};
		9DA128284D19B09BAAA64F89 /* [CP] Embed Pods Frameworks */ = {
			isa = PBXShellScriptBuildPhase;
			buildActionMask = 2147483647;
			files = (
			);
			inputPaths = (
			);
			name = "[CP] Embed Pods Frameworks";
			outputPaths = (
			);
			runOnlyForDeploymentPostprocessing = 0;
			shellPath = /bin/sh;
			shellScript = "\"${SRCROOT}/Pods/Target Support Files/Pods-Lesson1/Pods-Lesson1-frameworks.sh\"\n";
			showEnvVarsInLog = 0;
		};
/* End PBXShellScriptBuildPhase section */

/* Begin PBXSourcesBuildPhase section */
		26F092891EB7C12300BD0817 /* Sources */ = {
			isa = PBXSourcesBuildPhase;
			buildActionMask = 2147483647;
			files = (
				26F092AC1EB7C28E00BD0817 /* Example.m in Sources */,
				26CC7F011EB7C7A4006B9C44 /* Exmpl.m in Sources */,
				26F092981EB7C12300BD0817 /* ViewController.m in Sources */,
				26F092951EB7C12300BD0817 /* AppDelegate.m in Sources */,
				26F092921EB7C12300BD0817 /* main.m in Sources */,
			);
			runOnlyForDeploymentPostprocessing = 0;
		};
/* End PBXSourcesBuildPhase section */

/* Begin PBXVariantGroup section */
		26F092991EB7C12300BD0817 /* Main.storyboard */ = {
			isa = PBXVariantGroup;
			children = (
				26F0929A1EB7C12300BD0817 /* Base */,
			);
			name = Main.storyboard;
			sourceTree = "<group>";
		};
		26F0929E1EB7C12300BD0817 /* LaunchScreen.storyboard */ = {
			isa = PBXVariantGroup;
			children = (
				26F0929F1EB7C12300BD0817 /* Base */,
			);
			name = LaunchScreen.storyboard;
			sourceTree = "<group>";
		};
/* End PBXVariantGroup section */

/* Begin XCBuildConfiguration section */
		26F092A21EB7C12300BD0817 /* Debug */ = {
			isa = XCBuildConfiguration;
			buildSettings = {
				ALWAYS_SEARCH_USER_PATHS = NO;
				CLANG_ANALYZER_NONNULL = YES;
				CLANG_ANALYZER_NUMBER_OBJECT_CONVERSION = YES_AGGRESSIVE;
				CLANG_CXX_LANGUAGE_STANDARD = "gnu++0x";
				CLANG_CXX_LIBRARY = "libc++";
				CLANG_ENABLE_MODULES = YES;
				CLANG_ENABLE_OBJC_ARC = YES;
				CLANG_WARN_BOOL_CONVERSION = YES;
				CLANG_WARN_CONSTANT_CONVERSION = YES;
				CLANG_WARN_DIRECT_OBJC_ISA_USAGE = YES_ERROR;
				CLANG_WARN_DOCUMENTATION_COMMENTS = YES;
				CLANG_WARN_EMPTY_BODY = YES;
				CLANG_WARN_ENUM_CONVERSION = YES;
				CLANG_WARN_INFINITE_RECURSION = YES;
				CLANG_WARN_INT_CONVERSION = YES;
				CLANG_WARN_OBJC_ROOT_CLASS = YES_ERROR;
				CLANG_WARN_SUSPICIOUS_MOVE = YES;
				CLANG_WARN_UNREACHABLE_CODE = YES;
				CLANG_WARN__DUPLICATE_METHOD_MATCH = YES;
				"CODE_SIGN_IDENTITY[sdk=iphoneos*]" = "iPhone Developer";
				COPY_PHASE_STRIP = NO;
				DEBUG_INFORMATION_FORMAT = dwarf;
				ENABLE_STRICT_OBJC_MSGSEND = YES;
				ENABLE_TESTABILITY = YES;
				GCC_C_LANGUAGE_STANDARD = gnu99;
				GCC_DYNAMIC_NO_PIC = NO;
				GCC_NO_COMMON_BLOCKS = YES;
				GCC_OPTIMIZATION_LEVEL = 0;
				GCC_PREPROCESSOR_DEFINITIONS = (
					"DEBUG=1",
					"$(inherited)",
				);
				GCC_WARN_64_TO_32_BIT_CONVERSION = YES;
				GCC_WARN_ABOUT_RETURN_TYPE = YES_ERROR;
				GCC_WARN_UNDECLARED_SELECTOR = YES;
				GCC_WARN_UNINITIALIZED_AUTOS = YES_AGGRESSIVE;
				GCC_WARN_UNUSED_FUNCTION = YES;
				GCC_WARN_UNUSED_VARIABLE = YES;
				IPHONEOS_DEPLOYMENT_TARGET = 10.3;
				MTL_ENABLE_DEBUG_INFO = YES;
				ONLY_ACTIVE_ARCH = YES;
				SDKROOT = iphoneos;
			};
			name = Debug;
		};
		26F092A31EB7C12300BD0817 /* Release */ = {
			isa = XCBuildConfiguration;
			buildSettings = {
				ALWAYS_SEARCH_USER_PATHS = NO;
				CLANG_ANALYZER_NONNULL = YES;
				CLANG_ANALYZER_NUMBER_OBJECT_CONVERSION = YES_AGGRESSIVE;
				CLANG_CXX_LANGUAGE_STANDARD = "gnu++0x";
				CLANG_CXX_LIBRARY = "libc++";
				CLANG_ENABLE_MODULES = YES;
				CLANG_ENABLE_OBJC_ARC = YES;
				CLANG_WARN_BOOL_CONVERSION = YES;
				CLANG_WARN_CONSTANT_CONVERSION = YES;
				CLANG_WARN_DIRECT_OBJC_ISA_USAGE = YES_ERROR;
				CLANG_WARN_DOCUMENTATION_COMMENTS = YES;
				CLANG_WARN_EMPTY_BODY = YES;
				CLANG_WARN_ENUM_CONVERSION = YES;
				CLANG_WARN_INFINITE_RECURSION = YES;
				CLANG_WARN_INT_CONVERSION = YES;
				CLANG_WARN_OBJC_ROOT_CLASS = YES_ERROR;
				CLANG_WARN_SUSPICIOUS_MOVE = YES;
				CLANG_WARN_UNREACHABLE_CODE = YES;
				CLANG_WARN__DUPLICATE_METHOD_MATCH = YES;
				"CODE_SIGN_IDENTITY[sdk=iphoneos*]" = "iPhone Developer";
				COPY_PHASE_STRIP = NO;
				DEBUG_INFORMATION_FORMAT = "dwarf-with-dsym";
				ENABLE_NS_ASSERTIONS = NO;
				ENABLE_STRICT_OBJC_MSGSEND = YES;
				GCC_C_LANGUAGE_STANDARD = gnu99;
				GCC_NO_COMMON_BLOCKS = YES;
				GCC_WARN_64_TO_32_BIT_CONVERSION = YES;
				GCC_WARN_ABOUT_RETURN_TYPE = YES_ERROR;
				GCC_WARN_UNDECLARED_SELECTOR = YES;
				GCC_WARN_UNINITIALIZED_AUTOS = YES_AGGRESSIVE;
				GCC_WARN_UNUSED_FUNCTION = YES;
				GCC_WARN_UNUSED_VARIABLE = YES;
				IPHONEOS_DEPLOYMENT_TARGET = 10.3;
				MTL_ENABLE_DEBUG_INFO = NO;
				SDKROOT = iphoneos;
				VALIDATE_PRODUCT = YES;
			};
			name = Release;
		};
		26F092A51EB7C12300BD0817 /* Debug */ = {
			isa = XCBuildConfiguration;
			baseConfigurationReference = 1AFCD93E0731BFC1439F1D48 /* Pods-Lesson1.debug.xcconfig */;
			buildSettings = {
				ASSETCATALOG_COMPILER_APPICON_NAME = AppIcon;
				INFOPLIST_FILE = Lesson1/Info.plist;
				IPHONEOS_DEPLOYMENT_TARGET = 8.0;
				LD_RUNPATH_SEARCH_PATHS = "$(inherited) @executable_path/Frameworks";
				PRODUCT_BUNDLE_IDENTIFIER = CIA.Lesson1;
				PRODUCT_NAME = "$(TARGET_NAME)";
			};
			name = Debug;
		};
		26F092A61EB7C12300BD0817 /* Release */ = {
			isa = XCBuildConfiguration;
			baseConfigurationReference = D0B6D04A459BF99319CE0987 /* Pods-Lesson1.release.xcconfig */;
			buildSettings = {
				ASSETCATALOG_COMPILER_APPICON_NAME = AppIcon;
				INFOPLIST_FILE = Lesson1/Info.plist;
				IPHONEOS_DEPLOYMENT_TARGET = 8.0;
				LD_RUNPATH_SEARCH_PATHS = "$(inherited) @executable_path/Frameworks";
				PRODUCT_BUNDLE_IDENTIFIER = CIA.Lesson1;
				PRODUCT_NAME = "$(TARGET_NAME)";
			};
			name = Release;
		};
/* End XCBuildConfiguration section */

/* Begin XCConfigurationList section */
		26F092881EB7C12300BD0817 /* Build configuration list for PBXProject "Lesson1" */ = {
			isa = XCConfigurationList;
			buildConfigurations = (
				26F092A21EB7C12300BD0817 /* Debug */,
				26F092A31EB7C12300BD0817 /* Release */,
			);
			defaultConfigurationIsVisible = 0;
			defaultConfigurationName = Release;
		};
		26F092A41EB7C12300BD0817 /* Build configuration list for PBXNativeTarget "Lesson1" */ = {
			isa = XCConfigurationList;
			buildConfigurations = (
				26F092A51EB7C12300BD0817 /* Debug */,
				26F092A61EB7C12300BD0817 /* Release */,
			);
			defaultConfigurationIsVisible = 0;
			defaultConfigurationName = Release;
		};
/* End XCConfigurationList section */
	};
	rootObject = 26F092851EB7C12300BD0817 /* Project object */;
}
